
Microsoft Visual Studio Solution File, Format Version 12.00
# Visual Studio 15
VisualStudioVersion = 15.0.28307.168
MinimumVisualStudioVersion = 10.0.40219.1
Project("{FAE04EC0-301F-11D3-BF4B-00C04F79EFBC}") = "Login", "Login\Login.csproj", "{22015B6B-D4FE-4E34-BDA0-956006087E09}"
EndProject
Global
	GlobalSection(SolutionConfigurationPlatforms) = preSolution
		Debug|Any CPU = Debug|Any CPU
		Release|Any CPU = Release|Any CPU
	EndGlobalSection
	GlobalSection(ProjectConfigurationPlatforms) = postSolution
		{22015B6B-D4FE-4E34-BDA0-956006087E09}.Debug|Any CPU.ActiveCfg = Debug|Any CPU
		{22015B6B-D4FE-4E34-BDA0-956006087E09}.Debug|Any CPU.Build.0 = Debug|Any CPU
		{22015B6B-D4FE-4E34-BDA0-956006087E09}.Release|Any CPU.ActiveCfg = Release|Any CPU
		{22015B6B-D4FE-4E34-BDA0-956006087E09}.Release|Any CPU.Build.0 = Release|Any CPU
	EndGlobalSection
	GlobalSection(SolutionProperties) = preSolution
		HideSolutionNode = FALSE
	EndGlobalSection
	GlobalSection(ExtensibilityGlobals) = postSolution
		SolutionGuid = {412ADBFA-A337-4853-87E5-FE0FE366D51B}
	EndGlobalSection
EndGlobal
